
Microsoft Visual Studio Solution File, Format Version 12.00
# Visual Studio Version 16
VisualStudioVersion = 16.0.32228.343
MinimumVisualStudioVersion = 10.0.40219.1
Project("{FAE04EC0-301F-11D3-BF4B-00C04F79EFBC}") = "matala7", "matala7\matala7.csproj", "{A7784BBE-DAA6-4867-8E97-CE7FB440E629}"
EndProject
Global
	GlobalSection(SolutionConfigurationPlatforms) = preSolution
		Debug|Any CPU = Debug|Any CPU
		Release|Any CPU = Release|Any CPU
	EndGlobalSection
	GlobalSection(ProjectConfigurationPlatforms) = postSolution
		{A7784BBE-DAA6-4867-8E97-CE7FB440E629}.Debug|Any CPU.ActiveCfg = Debug|Any CPU
		{A7784BBE-DAA6-4867-8E97-CE7FB440E629}.Debug|Any CPU.Build.0 = Debug|Any CPU
		{A7784BBE-DAA6-4867-8E97-CE7FB440E629}.Release|Any CPU.ActiveCfg = Release|Any CPU
		{A7784BBE-DAA6-4867-8E97-CE7FB440E629}.Release|Any CPU.Build.0 = Release|Any CPU
	EndGlobalSection
	GlobalSection(SolutionProperties) = preSolution
		HideSolutionNode = FALSE
	EndGlobalSection
	GlobalSection(ExtensibilityGlobals) = postSolution
		SolutionGuid = {50085C5B-F34F-4B7D-8BD5-F99826F5D80D}
	EndGlobalSection
EndGlobal
