
Microsoft Visual Studio Solution File, Format Version 12.00
# Visual Studio Version 16
VisualStudioVersion = 16.0.32228.343
MinimumVisualStudioVersion = 10.0.40219.1
Project("{FAE04EC0-301F-11D3-BF4B-00C04F79EFBC}") = "matala_4_game", "matala_4_game\matala_4_game.csproj", "{12CAEFB4-F8EF-4E3D-BAA7-8715CAA554BB}"
EndProject
Global
	GlobalSection(SolutionConfigurationPlatforms) = preSolution
		Debug|Any CPU = Debug|Any CPU
		Release|Any CPU = Release|Any CPU
	EndGlobalSection
	GlobalSection(ProjectConfigurationPlatforms) = postSolution
		{12CAEFB4-F8EF-4E3D-BAA7-8715CAA554BB}.Debug|Any CPU.ActiveCfg = Debug|Any CPU
		{12CAEFB4-F8EF-4E3D-BAA7-8715CAA554BB}.Debug|Any CPU.Build.0 = Debug|Any CPU
		{12CAEFB4-F8EF-4E3D-BAA7-8715CAA554BB}.Release|Any CPU.ActiveCfg = Release|Any CPU
		{12CAEFB4-F8EF-4E3D-BAA7-8715CAA554BB}.Release|Any CPU.Build.0 = Release|Any CPU
	EndGlobalSection
	GlobalSection(SolutionProperties) = preSolution
		HideSolutionNode = FALSE
	EndGlobalSection
	GlobalSection(ExtensibilityGlobals) = postSolution
		SolutionGuid = {4C1DABED-A9EE-4519-B553-501782C509A5}
	EndGlobalSection
EndGlobal
